
Microsoft Visual Studio Solution File, Format Version 12.00
# Visual Studio Version 16
VisualStudioVersion = 16.0.29613.14
MinimumVisualStudioVersion = 10.0.40219.1
Project("{FAE04EC0-301F-11D3-BF4B-00C04F79EFBC}") = "RoadToEmmaus", "RoadToEmmaus\RoadToEmmaus.csproj", "{7FAB91AE-4AA8-4C97-8385-F7DD6765C15B}"
EndProject
Global
	GlobalSection(SolutionConfigurationPlatforms) = preSolution
		Debug|Any CPU = Debug|Any CPU
		Release|Any CPU = Release|Any CPU
	EndGlobalSection
	GlobalSection(ProjectConfigurationPlatforms) = postSolution
		{7FAB91AE-4AA8-4C97-8385-F7DD6765C15B}.Debug|Any CPU.ActiveCfg = Debug|Any CPU
		{7FAB91AE-4AA8-4C97-8385-F7DD6765C15B}.Debug|Any CPU.Build.0 = Debug|Any CPU
		{7FAB91AE-4AA8-4C97-8385-F7DD6765C15B}.Release|Any CPU.ActiveCfg = Release|Any CPU
		{7FAB91AE-4AA8-4C97-8385-F7DD6765C15B}.Release|Any CPU.Build.0 = Release|Any CPU
	EndGlobalSection
	GlobalSection(SolutionProperties) = preSolution
		HideSolutionNode = FALSE
	EndGlobalSection
	GlobalSection(ExtensibilityGlobals) = postSolution
		SolutionGuid = {1D11D78C-E3A1-429B-ACA2-4DA13499B9AC}
	EndGlobalSection
EndGlobal
